// !$*UTF8*$!
{
	archiveVersion = 1;
	classes = {
	};
	objectVersion = 77;
	objects = {

/* Begin PBXBuildFile section */
		202A4B522FD05FCE00A7D738 /* README.md in Resources */ = {isa = PBXBuildFile; fileRef = 202A4B512FD05FCD00A7D738 /* README.md */; };
/* End PBXBuildFile section */

/* Begin PBXContainerItemProxy section */
		202A4B342FD05FC200A7D738 /* PBXContainerItemProxy */ = {
			isa = PBXContainerItemProxy;
			containerPortal = 202A4B152FD05FC000A7D738 /* Project object */;
			proxyType = 1;
			remoteGlobalIDString = 202A4B1C2FD05FC000A7D738;
			remoteInfo = TestsLifeCycle;
		};
		202A4B3E2FD05FC200A7D738 /* PBXContainerItemProxy */ = {
			isa = PBXContainerItemProxy;
			containerPortal = 202A4B152FD05FC000A7D738 /* Project object */;
			proxyType = 1;
			remoteGlobalIDString = 202A4B1C2FD05FC000A7D738;
			remoteInfo = TestsLifeCycle;
		};
/* End PBXContainerItemProxy section */

/* Begin PBXFileReference section */
		202A4B1D2FD05FC000A7D738 /* TestsLifeCycle.app */ = {isa = PBXFileReference; explicitFileType = wrapper.application; includeInIndex = 0; path = TestsLifeCycle.app; sourceTree = BUILT_PRODUCTS_DIR; };
		202A4B332FD05FC200A7D738 /* TestsLifeCycleTests.xctest */ = {isa = PBXFileReference; explicitFileType = wrapper.cfbundle; includeInIndex = 0; path = TestsLifeCycleTests.xctest; sourceTree = BUILT_PRODUCTS_DIR; };
		202A4B3D2FD05FC200A7D738 /* TestsLifeCycleUITests.xctest */ = {isa = PBXFileReference; explicitFileType = wrapper.cfbundle; includeInIndex = 0; path = TestsLifeCycleUITests.xctest; sourceTree = BUILT_PRODUCTS_DIR; };
		202A4B512FD05FCD00A7D738 /* README.md */ = {isa = PBXFileReference; lastKnownFileType = net.daringfireball.markdown; path = README.md; sourceTree = "<group>"; };
/* End PBXFileReference section */

/* Begin PBXFileSystemSynchronizedBuildFileExceptionSet section */
		202A4B452FD05FC200A7D738 /* Exceptions for "TestsLifeCycle" folder in "TestsLifeCycle" target */ = {
			isa = PBXFileSystemSynchronizedBuildFileExceptionSet;
			membershipExceptions = (
				Info.plist,
			);
			target = 202A4B1C2FD05FC000A7D738 /* TestsLifeCycle */;
		};
/* End PBXFileSystemSynchronizedBuildFileExceptionSet section */

/* Begin PBXFileSystemSynchronizedRootGroup section */
		202A4B1F2FD05FC000A7D738 /* TestsLifeCycle */ = {
			isa = PBXFileSystemSynchronizedRootGroup;
			exceptions = (
				202A4B452FD05FC200A7D738 /* Exceptions for "TestsLifeCycle" folder in "TestsLifeCycle" target */,
			);
			path = TestsLifeCycle;
			sourceTree = "<group>";
		};
		202A4B362FD05FC200A7D738 /* TestsLifeCycleTests */ = {
			isa = PBXFileSystemSynchronizedRootGroup;
			path = TestsLifeCycleTests;
			sourceTree = "<group>";
		};
		202A4B402FD05FC200A7D738 /* TestsLifeCycleUITests */ = {
			isa = PBXFileSystemSynchronizedRootGroup;
			path = TestsLifeCycleUITests;
			sourceTree = "<group>";
		};
/* End PBXFileSystemSynchronizedRootGroup section */

/* Begin PBXFrameworksBuildPhase section */
		202A4B1A2FD05FC000A7D738 /* Frameworks */ = {
			isa = PBXFrameworksBuildPhase;
			buildActionMask = 2147483647;
			files = (
			);
			runOnlyForDeploymentPostprocessing = 0;
		};
		202A4B302FD05FC200A7D738 /* Frameworks */ = {
			isa = PBXFrameworksBuildPhase;
			buildActionMask = 2147483647;
			files = (
			);
			runOnlyForDeploymentPostprocessing = 0;
		};
		202A4B3A2FD05FC200A7D738 /* Frameworks */ = {
			isa = PBXFrameworksBuildPhase;
			buildActionMask = 2147483647;
			files = (
			);
			runOnlyForDeploymentPostprocessing = 0;
		};
/* End PBXFrameworksBuildPhase section */

/* Begin PBXGroup section */
		202A4B142FD05FC000A7D738 = {
			isa = PBXGroup;
			children = (
				202A4B512FD05FCD00A7D738 /* README.md */,
				202A4B1F2FD05FC000A7D738 /* TestsLifeCycle */,
				202A4B362FD05FC200A7D738 /* TestsLifeCycleTests */,
				202A4B402FD05FC200A7D738 /* TestsLifeCycleUITests */,
				202A4B1E2FD05FC000A7D738 /* Products */,
			);
			sourceTree = "<group>";
		};
		202A4B1E2FD05FC000A7D738 /* Products */ = {
			isa = PBXGroup;
			children = (
				202A4B1D2FD05FC000A7D738 /* TestsLifeCycle.app */,
				202A4B332FD05FC200A7D738 /* TestsLifeCycleTests.xctest */,
				202A4B3D2FD05FC200A7D738 /* TestsLifeCycleUITests.xctest */,
			);
			name = Products;
			sourceTree = "<group>";
		};
/* End PBXGroup section */

/* Begin PBXNativeTarget section */
		202A4B1C2FD05FC000A7D738 /* TestsLifeCycle */ = {
			isa = PBXNativeTarget;
			buildConfigurationList = 202A4B462FD05FC200A7D738 /* Build configuration list for PBXNativeTarget "TestsLifeCycle" */;
			buildPhases = (
				202A4B192FD05FC000A7D738 /* Sources */,
				202A4B1A2FD05FC000A7D738 /* Frameworks */,
				202A4B1B2FD05FC000A7D738 /* Resources */,
			);
			buildRules = (
			);
			dependencies = (
			);
			fileSystemSynchronizedGroups = (
				202A4B1F2FD05FC000A7D738 /* TestsLifeCycle */,
			);
			name = TestsLifeCycle;
			packageProductDependencies = (
			);
			productName = TestsLifeCycle;
			productReference = 202A4B1D2FD05FC000A7D738 /* TestsLifeCycle.app */;
			productType = "com.apple.product-type.application";
		};
		202A4B322FD05FC200A7D738 /* TestsLifeCycleTests */ = {
			isa = PBXNativeTarget;
			buildConfigurationList = 202A4B4B2FD05FC200A7D738 /* Build configuration list for PBXNativeTarget "TestsLifeCycleTests" */;
			buildPhases = (
				202A4B2F2FD05FC200A7D738 /* Sources */,
				202A4B302FD05FC200A7D738 /* Frameworks */,
				202A4B312FD05FC200A7D738 /* Resources */,
			);
			buildRules = (
			);
			dependencies = (
				202A4B352FD05FC200A7D738 /* PBXTargetDependency */,
			);
			fileSystemSynchronizedGroups = (
				202A4B362FD05FC200A7D738 /* TestsLifeCycleTests */,
			);
			name = TestsLifeCycleTests;
			packageProductDependencies = (
			);
			productName = TestsLifeCycleTests;
			productReference = 202A4B332FD05FC200A7D738 /* TestsLifeCycleTests.xctest */;
			productType = "com.apple.product-type.bundle.unit-test";
		};
		202A4B3C2FD05FC200A7D738 /* TestsLifeCycleUITests */ = {
			isa = PBXNativeTarget;
			buildConfigurationList = 202A4B4E2FD05FC200A7D738 /* Build configuration list for PBXNativeTarget "TestsLifeCycleUITests" */;
			buildPhases = (
				202A4B392FD05FC200A7D738 /* Sources */,
				202A4B3A2FD05FC200A7D738 /* Frameworks */,
				202A4B3B2FD05FC200A7D738 /* Resources */,
			);
			buildRules = (
			);
			dependencies = (
				202A4B3F2FD05FC200A7D738 /* PBXTargetDependency */,
			);
			fileSystemSynchronizedGroups = (
				202A4B402FD05FC200A7D738 /* TestsLifeCycleUITests */,
			);
			name = TestsLifeCycleUITests;
			packageProductDependencies = (
			);
			productName = TestsLifeCycleUITests;
			productReference = 202A4B3D2FD05FC200A7D738 /* TestsLifeCycleUITests.xctest */;
			productType = "com.apple.product-type.bundle.ui-testing";
		};
/* End PBXNativeTarget section */

/* Begin PBXProject section */
		202A4B152FD05FC000A7D738 /* Project object */ = {
			isa = PBXProject;
			attributes = {
				BuildIndependentTargetsInParallel = 1;
				LastSwiftUpdateCheck = 2650;
				LastUpgradeCheck = 2650;
				TargetAttributes = {
					202A4B1C2FD05FC000A7D738 = {
						CreatedOnToolsVersion = 26.5;
					};
					202A4B322FD05FC200A7D738 = {
						CreatedOnToolsVersion = 26.5;
						TestTargetID = 202A4B1C2FD05FC000A7D738;
					};
					202A4B3C2FD05FC200A7D738 = {
						CreatedOnToolsVersion = 26.5;
						TestTargetID = 202A4B1C2FD05FC000A7D738;
					};
				};
			};
			buildConfigurationList = 202A4B182FD05FC000A7D738 /* Build configuration list for PBXProject "TestsLifeCycle" */;
			developmentRegion = en;
			hasScannedForEncodings = 0;
			knownRegions = (
				en,
				Base,
			);
			mainGroup = 202A4B142FD05FC000A7D738;
			minimizedProjectReferenceProxies = 1;
			preferredProjectObjectVersion = 77;
			productRefGroup = 202A4B1E2FD05FC000A7D738 /* Products */;
			projectDirPath = "";
			projectRoot = "";
			targets = (
				202A4B1C2FD05FC000A7D738 /* TestsLifeCycle */,
				202A4B322FD05FC200A7D738 /* TestsLifeCycleTests */,
				202A4B3C2FD05FC200A7D738 /* TestsLifeCycleUITests */,
			);
		};
/* End PBXProject section */

/* Begin PBXResourcesBuildPhase section */
		202A4B1B2FD05FC000A7D738 /* Resources */ = {
			isa = PBXResourcesBuildPhase;
			buildActionMask = 2147483647;
			files = (
				202A4B522FD05FCE00A7D738 /* README.md in Resources */,
			);
			runOnlyForDeploymentPostprocessing = 0;
		};
		202A4B312FD05FC200A7D738 /* Resources */ = {
			isa = PBXResourcesBuildPhase;
			buildActionMask = 2147483647;
			files = (
			);
			runOnlyForDeploymentPostprocessing = 0;
		};
		202A4B3B2FD05FC200A7D738 /* Resources */ = {
			isa = PBXResourcesBuildPhase;
			buildActionMask = 2147483647;
			files = (
			);
			runOnlyForDeploymentPostprocessing = 0;
		};
/* End PBXResourcesBuildPhase section */

/* Begin PBXSourcesBuildPhase section */
		202A4B192FD05FC000A7D738 /* Sources */ = {
			isa = PBXSourcesBuildPhase;
			buildActionMask = 2147483647;
			files = (
			);
			runOnlyForDeploymentPostprocessing = 0;
		};
		202A4B2F2FD05FC200A7D738 /* Sources */ = {
			isa = PBXSourcesBuildPhase;
			buildActionMask = 2147483647;
			files = (
			);
			runOnlyForDeploymentPostprocessing = 0;
		};
		202A4B392FD05FC200A7D738 /* Sources */ = {
			isa = PBXSourcesBuildPhase;
			buildActionMask = 2147483647;
			files = (
			);
			runOnlyForDeploymentPostprocessing = 0;
		};
/* End PBXSourcesBuildPhase section */

/* Begin PBXTargetDependency section */
		202A4B352FD05FC200A7D738 /* PBXTargetDependency */ = {
			isa = PBXTargetDependency;
			target = 202A4B1C2FD05FC000A7D738 /* TestsLifeCycle */;
			targetProxy = 202A4B342FD05FC200A7D738 /* PBXContainerItemProxy */;
		};
		202A4B3F2FD05FC200A7D738 /* PBXTargetDependency */ = {
			isa = PBXTargetDependency;
			target = 202A4B1C2FD05FC000A7D738 /* TestsLifeCycle */;
			targetProxy = 202A4B3E2FD05FC200A7D738 /* PBXContainerItemProxy */;
		};
/* End PBXTargetDependency section */

/* Begin XCBuildConfiguration section */
		202A4B472FD05FC200A7D738 /* Debug */ = {
			isa = XCBuildConfiguration;
			buildSettings = {
				ASSETCATALOG_COMPILER_APPICON_NAME = AppIcon;
				ASSETCATALOG_COMPILER_GLOBAL_ACCENT_COLOR_NAME = AccentColor;
				CODE_SIGN_STYLE = Automatic;
				CURRENT_PROJECT_VERSION = 1;
				DEVELOPMENT_TEAM = DZDWNPN8YP;
				GENERATE_INFOPLIST_FILE = YES;
				INFOPLIST_FILE = TestsLifeCycle/Info.plist;
				INFOPLIST_KEY_UIApplicationSupportsIndirectInputEvents = YES;
				INFOPLIST_KEY_UILaunchStoryboardName = LaunchScreen;
				INFOPLIST_KEY_UIMainStoryboardFile = Main;
				INFOPLIST_KEY_UISupportedInterfaceOrientations_iPad = "UIInterfaceOrientationPortrait UIInterfaceOrientationPortraitUpsideDown UIInterfaceOrientationLandscapeLeft UIInterfaceOrientationLandscapeRight";
				INFOPLIST_KEY_UISupportedInterfaceOrientations_iPhone = "UIInterfaceOrientationPortrait UIInterfaceOrientationLandscapeLeft UIInterfaceOrientationLandscapeRight";
				LD_RUNPATH_SEARCH_PATHS = (
					"$(inherited)",
					"@executable_path/Frameworks",
				);
				MARKETING_VERSION = 1.0;
				PRODUCT_BUNDLE_IDENTIFIER = io.github.eacardenase.TestsLifeCycle;
				PRODUCT_NAME = "$(TARGET_NAME)";
				STRING_CATALOG_GENERATE_SYMBOLS = YES;
				SWIFT_APPROACHABLE_CONCURRENCY = YES;
				SWIFT_DEFAULT_ACTOR_ISOLATION = MainActor;
				SWIFT_EMIT_LOC_STRINGS = YES;
				SWIFT_UPCOMING_FEATURE_MEMBER_IMPORT_VISIBILITY = YES;
				SWIFT_VERSION = 5.0;
				TARGETED_DEVICE_FAMILY = "1,2";
			};
			name = Debug;
		};
		202A4B482FD05FC200A7D738 /* Release */ = {
			isa = XCBuildConfiguration;
			buildSettings = {
				ASSETCATALOG_COMPILER_APPICON_NAME = AppIcon;
				ASSETCATALOG_COMPILER_GLOBAL_ACCENT_COLOR_NAME = AccentColor;
				CODE_SIGN_STYLE = Automatic;
				CURRENT_PROJECT_VERSION = 1;
				DEVELOPMENT_TEAM = DZDWNPN8YP;
				GENERATE_INFOPLIST_FILE = YES;
				INFOPLIST_FILE = TestsLifeCycle/Info.plist;
				INFOPLIST_KEY_UIApplicationSupportsIndirectInputEvents = YES;
				INFOPLIST_KEY_UILaunchStoryboardName = LaunchScreen;
				INFOPLIST_KEY_UIMainStoryboardFile = Main;
				INFOPLIST_KEY_UISupportedInterfaceOrientations_iPad = "UIInterfaceOrientationPortrait UIInterfaceOrientationPortraitUpsideDown UIInterfaceOrientationLandscapeLeft UIInterfaceOrientationLandscapeRight";
				INFOPLIST_KEY_UISupportedInterfaceOrientations_iPhone = "UIInterfaceOrientationPortrait UIInterfaceOrientationLandscapeLeft UIInterfaceOrientationLandscapeRight";
				LD_RUNPATH_SEARCH_PATHS = (
					"$(inherited)",
					"@executable_path/Frameworks",
				);
				MARKETING_VERSION = 1.0;
				PRODUCT_BUNDLE_IDENTIFIER = io.github.eacardenase.TestsLifeCycle;
				PRODUCT_NAME = "$(TARGET_NAME)";
				STRING_CATALOG_GENERATE_SYMBOLS = YES;
				SWIFT_APPROACHABLE_CONCURRENCY = YES;
				SWIFT_DEFAULT_ACTOR_ISOLATION = MainActor;
				SWIFT_EMIT_LOC_STRINGS = YES;
				SWIFT_UPCOMING_FEATURE_MEMBER_IMPORT_VISIBILITY = YES;
				SWIFT_VERSION = 5.0;
				TARGETED_DEVICE_FAMILY = "1,2";
			};
			name = Release;
		};
		202A4B492FD05FC200A7D738 /* Debug */ = {
			isa = XCBuildConfiguration;
			buildSettings = {
				ALWAYS_SEARCH_USER_PATHS = NO;
				ASSETCATALOG_COMPILER_GENERATE_SWIFT_ASSET_SYMBOL_EXTENSIONS = YES;
				CLANG_ANALYZER_NONNULL = YES;
				CLANG_ANALYZER_NUMBER_OBJECT_CONVERSION = YES_AGGRESSIVE;
				CLANG_CXX_LANGUAGE_STANDARD = "gnu++20";
				CLANG_ENABLE_MODULES = YES;
				CLANG_ENABLE_OBJC_ARC = YES;
				CLANG_ENABLE_OBJC_WEAK = YES;
				CLANG_WARN_BLOCK_CAPTURE_AUTORELEASING = YES;
				CLANG_WARN_BOOL_CONVERSION = YES;
				CLANG_WARN_COMMA = YES;
				CLANG_WARN_CONSTANT_CONVERSION = YES;
				CLANG_WARN_DEPRECATED_OBJC_IMPLEMENTATIONS = YES;
				CLANG_WARN_DIRECT_OBJC_ISA_USAGE = YES_ERROR;
				CLANG_WARN_DOCUMENTATION_COMMENTS = YES;
				CLANG_WARN_EMPTY_BODY = YES;
				CLANG_WARN_ENUM_CONVERSION = YES;
				CLANG_WARN_INFINITE_RECURSION = YES;
				CLANG_WARN_INT_CONVERSION = YES;
				CLANG_WARN_NON_LITERAL_NULL_CONVERSION = YES;
				CLANG_WARN_OBJC_IMPLICIT_RETAIN_SELF = YES;
				CLANG_WARN_OBJC_LITERAL_CONVERSION = YES;
				CLANG_WARN_OBJC_ROOT_CLASS = YES_ERROR;
				CLANG_WARN_QUOTED_INCLUDE_IN_FRAMEWORK_HEADER = YES;
				CLANG_WARN_RANGE_LOOP_ANALYSIS = YES;
				CLANG_WARN_STRICT_PROTOTYPES = YES;
				CLANG_WARN_SUSPICIOUS_MOVE = YES;
				CLANG_WARN_UNGUARDED_AVAILABILITY = YES_AGGRESSIVE;
				CLANG_WARN_UNREACHABLE_CODE = YES;
				CLANG_WARN__DUPLICATE_METHOD_MATCH = YES;
				COPY_PHASE_STRIP = NO;
				DEBUG_INFORMATION_FORMAT = dwarf;
				DEVELOPMENT_TEAM = DZDWNPN8YP;
				ENABLE_STRICT_OBJC_MSGSEND = YES;
				ENABLE_TESTABILITY = YES;
				ENABLE_USER_SCRIPT_SANDBOXING = YES;
				GCC_C_LANGUAGE_STANDARD = gnu17;
				GCC_DYNAMIC_NO_PIC = NO;
				GCC_NO_COMMON_BLOCKS = YES;
				GCC_OPTIMIZATION_LEVEL = 0;
				GCC_PREPROCESSOR_DEFINITIONS = (
					"DEBUG=1",
					"$(inherited)",
				);
				GCC_WARN_64_TO_32_BIT_CONVERSION = YES;
				GCC_WARN_ABOUT_RETURN_TYPE = YES_ERROR;
				GCC_WARN_UNDECLARED_SELECTOR = YES;
				GCC_WARN_UNINITIALIZED_AUTOS = YES_AGGRESSIVE;
				GCC_WARN_UNUSED_FUNCTION = YES;
				GCC_WARN_UNUSED_VARIABLE = YES;
				IPHONEOS_DEPLOYMENT_TARGET = 26.5;
				LOCALIZATION_PREFERS_STRING_CATALOGS = YES;
				MTL_ENABLE_DEBUG_INFO = INCLUDE_SOURCE;
				MTL_FAST_MATH = YES;
				ONLY_ACTIVE_ARCH = YES;
				SDKROOT = iphoneos;
				SWIFT_ACTIVE_COMPILATION_CONDITIONS = "DEBUG $(inherited)";
				SWIFT_OPTIMIZATION_LEVEL = "-Onone";
			};
			name = Debug;
		};
		202A4B4A2FD05FC200A7D738 /* Release */ = {
			isa = XCBuildConfiguration;
			buildSettings = {
				ALWAYS_SEARCH_USER_PATHS = NO;
				ASSETCATALOG_COMPILER_GENERATE_SWIFT_ASSET_SYMBOL_EXTENSIONS = YES;
				CLANG_ANALYZER_NONNULL = YES;
				CLANG_ANALYZER_NUMBER_OBJECT_CONVERSION = YES_AGGRESSIVE;
				CLANG_CXX_LANGUAGE_STANDARD = "gnu++20";
				CLANG_ENABLE_MODULES = YES;
				CLANG_ENABLE_OBJC_ARC = YES;
				CLANG_ENABLE_OBJC_WEAK = YES;
				CLANG_WARN_BLOCK_CAPTURE_AUTORELEASING = YES;
				CLANG_WARN_BOOL_CONVERSION = YES;
				CLANG_WARN_COMMA = YES;
				CLANG_WARN_CONSTANT_CONVERSION = YES;
				CLANG_WARN_DEPRECATED_OBJC_IMPLEMENTATIONS = YES;
				CLANG_WARN_DIRECT_OBJC_ISA_USAGE = YES_ERROR;
				CLANG_WARN_DOCUMENTATION_COMMENTS = YES;
				CLANG_WARN_EMPTY_BODY = YES;
				CLANG_WARN_ENUM_CONVERSION = YES;
				CLANG_WARN_INFINITE_RECURSION = YES;
				CLANG_WARN_INT_CONVERSION = YES;
				CLANG_WARN_NON_LITERAL_NULL_CONVERSION = YES;
				CLANG_WARN_OBJC_IMPLICIT_RETAIN_SELF = YES;
				CLANG_WARN_OBJC_LITERAL_CONVERSION = YES;
				CLANG_WARN_OBJC_ROOT_CLASS = YES_ERROR;
				CLANG_WARN_QUOTED_INCLUDE_IN_FRAMEWORK_HEADER = YES;
				CLANG_WARN_RANGE_LOOP_ANALYSIS = YES;
				CLANG_WARN_STRICT_PROTOTYPES = YES;
				CLANG_WARN_SUSPICIOUS_MOVE = YES;
				CLANG_WARN_UNGUARDED_AVAILABILITY = YES_AGGRESSIVE;
				CLANG_WARN_UNREACHABLE_CODE = YES;
				CLANG_WARN__DUPLICATE_METHOD_MATCH = YES;
				COPY_PHASE_STRIP = NO;
				DEBUG_INFORMATION_FORMAT = "dwarf-with-dsym";
				DEVELOPMENT_TEAM = DZDWNPN8YP;
				ENABLE_NS_ASSERTIONS = NO;
				ENABLE_STRICT_OBJC_MSGSEND = YES;
				ENABLE_USER_SCRIPT_SANDBOXING = YES;
				GCC_C_LANGUAGE_STANDARD = gnu17;
				GCC_NO_COMMON_BLOCKS = YES;
				GCC_WARN_64_TO_32_BIT_CONVERSION = YES;
				GCC_WARN_ABOUT_RETURN_TYPE = YES_ERROR;
				GCC_WARN_UNDECLARED_SELECTOR = YES;
				GCC_WARN_UNINITIALIZED_AUTOS = YES_AGGRESSIVE;
				GCC_WARN_UNUSED_FUNCTION = YES;
				GCC_WARN_UNUSED_VARIABLE = YES;
				IPHONEOS_DEPLOYMENT_TARGET = 26.5;
				LOCALIZATION_PREFERS_STRING_CATALOGS = YES;
				MTL_ENABLE_DEBUG_INFO = NO;
				MTL_FAST_MATH = YES;
				SDKROOT = iphoneos;
				SWIFT_COMPILATION_MODE = wholemodule;
				VALIDATE_PRODUCT = YES;
			};
			name = Release;
		};
		202A4B4C2FD05FC200A7D738 /* Debug */ = {
			isa = XCBuildConfiguration;
			buildSettings = {
				BUNDLE_LOADER = "$(TEST_HOST)";
				CODE_SIGN_STYLE = Automatic;
				CURRENT_PROJECT_VERSION = 1;
				DEVELOPMENT_TEAM = DZDWNPN8YP;
				GENERATE_INFOPLIST_FILE = YES;
				IPHONEOS_DEPLOYMENT_TARGET = 26.5;
				MARKETING_VERSION = 1.0;
				PRODUCT_BUNDLE_IDENTIFIER = io.github.eacardenase.TestsLifeCycleTests;
				PRODUCT_NAME = "$(TARGET_NAME)";
				STRING_CATALOG_GENERATE_SYMBOLS = NO;
				SWIFT_APPROACHABLE_CONCURRENCY = YES;
				SWIFT_EMIT_LOC_STRINGS = NO;
				SWIFT_UPCOMING_FEATURE_MEMBER_IMPORT_VISIBILITY = YES;
				SWIFT_VERSION = 5.0;
				TARGETED_DEVICE_FAMILY = "1,2";
				TEST_HOST = "$(BUILT_PRODUCTS_DIR)/TestsLifeCycle.app/$(BUNDLE_EXECUTABLE_FOLDER_PATH)/TestsLifeCycle";
			};
			name = Debug;
		};
		202A4B4D2FD05FC200A7D738 /* Release */ = {
			isa = XCBuildConfiguration;
			buildSettings = {
				BUNDLE_LOADER = "$(TEST_HOST)";
				CODE_SIGN_STYLE = Automatic;
				CURRENT_PROJECT_VERSION = 1;
				DEVELOPMENT_TEAM = DZDWNPN8YP;
				GENERATE_INFOPLIST_FILE = YES;
				IPHONEOS_DEPLOYMENT_TARGET = 26.5;
				MARKETING_VERSION = 1.0;
				PRODUCT_BUNDLE_IDENTIFIER = io.github.eacardenase.TestsLifeCycleTests;
				PRODUCT_NAME = "$(TARGET_NAME)";
				STRING_CATALOG_GENERATE_SYMBOLS = NO;
				SWIFT_APPROACHABLE_CONCURRENCY = YES;
				SWIFT_EMIT_LOC_STRINGS = NO;
				SWIFT_UPCOMING_FEATURE_MEMBER_IMPORT_VISIBILITY = YES;
				SWIFT_VERSION = 5.0;
				TARGETED_DEVICE_FAMILY = "1,2";
				TEST_HOST = "$(BUILT_PRODUCTS_DIR)/TestsLifeCycle.app/$(BUNDLE_EXECUTABLE_FOLDER_PATH)/TestsLifeCycle";
			};
			name = Release;
		};
		202A4B4F2FD05FC200A7D738 /* Debug */ = {
			isa = XCBuildConfiguration;
			buildSettings = {
				CODE_SIGN_STYLE = Automatic;
				CURRENT_PROJECT_VERSION = 1;
				DEVELOPMENT_TEAM = DZDWNPN8YP;
				GENERATE_INFOPLIST_FILE = YES;
				MARKETING_VERSION = 1.0;
				PRODUCT_BUNDLE_IDENTIFIER = io.github.eacardenase.TestsLifeCycleUITests;
				PRODUCT_NAME = "$(TARGET_NAME)";
				STRING_CATALOG_GENERATE_SYMBOLS = NO;
				SWIFT_APPROACHABLE_CONCURRENCY = YES;
				SWIFT_EMIT_LOC_STRINGS = NO;
				SWIFT_UPCOMING_FEATURE_MEMBER_IMPORT_VISIBILITY = YES;
				SWIFT_VERSION = 5.0;
				TARGETED_DEVICE_FAMILY = "1,2";
				TEST_TARGET_NAME = TestsLifeCycle;
			};
			name = Debug;
		};
		202A4B502FD05FC200A7D738 /* Release */ = {
			isa = XCBuildConfiguration;
			buildSettings = {
				CODE_SIGN_STYLE = Automatic;
				CURRENT_PROJECT_VERSION = 1;
				DEVELOPMENT_TEAM = DZDWNPN8YP;
				GENERATE_INFOPLIST_FILE = YES;
				MARKETING_VERSION = 1.0;
				PRODUCT_BUNDLE_IDENTIFIER = io.github.eacardenase.TestsLifeCycleUITests;
				PRODUCT_NAME = "$(TARGET_NAME)";
				STRING_CATALOG_GENERATE_SYMBOLS = NO;
				SWIFT_APPROACHABLE_CONCURRENCY = YES;
				SWIFT_EMIT_LOC_STRINGS = NO;
				SWIFT_UPCOMING_FEATURE_MEMBER_IMPORT_VISIBILITY = YES;
				SWIFT_VERSION = 5.0;
				TARGETED_DEVICE_FAMILY = "1,2";
				TEST_TARGET_NAME = TestsLifeCycle;
			};
			name = Release;
		};
/* End XCBuildConfiguration section */

/* Begin XCConfigurationList section */
		202A4B182FD05FC000A7D738 /* Build configuration list for PBXProject "TestsLifeCycle" */ = {
			isa = XCConfigurationList;
			buildConfigurations = (
				202A4B492FD05FC200A7D738 /* Debug */,
				202A4B4A2FD05FC200A7D738 /* Release */,
			);
			defaultConfigurationIsVisible = 0;
			defaultConfigurationName = Release;
		};
		202A4B462FD05FC200A7D738 /* Build configuration list for PBXNativeTarget "TestsLifeCycle" */ = {
			isa = XCConfigurationList;
			buildConfigurations = (
				202A4B472FD05FC200A7D738 /* Debug */,
				202A4B482FD05FC200A7D738 /* Release */,
			);
			defaultConfigurationIsVisible = 0;
			defaultConfigurationName = Release;
		};
		202A4B4B2FD05FC200A7D738 /* Build configuration list for PBXNativeTarget "TestsLifeCycleTests" */ = {
			isa = XCConfigurationList;
			buildConfigurations = (
				202A4B4C2FD05FC200A7D738 /* Debug */,
				202A4B4D2FD05FC200A7D738 /* Release */,
			);
			defaultConfigurationIsVisible = 0;
			defaultConfigurationName = Release;
		};
		202A4B4E2FD05FC200A7D738 /* Build configuration list for PBXNativeTarget "TestsLifeCycleUITests" */ = {
			isa = XCConfigurationList;
			buildConfigurations = (
				202A4B4F2FD05FC200A7D738 /* Debug */,
				202A4B502FD05FC200A7D738 /* Release */,
			);
			defaultConfigurationIsVisible = 0;
			defaultConfigurationName = Release;
		};
/* End XCConfigurationList section */
	};
	rootObject = 202A4B152FD05FC000A7D738 /* Project object */;
}
